
Microsoft Visual Studio Solution File, Format Version 12.00
# Visual Studio 15
VisualStudioVersion = 15.0.27004.2002
MinimumVisualStudioVersion = 10.0.40219.1
Project("{FAE04EC0-301F-11D3-BF4B-00C04F79EFBC}") = "DevOpsDemoGitTest", "DevOpsDemoGitTest\DevOpsDemoGitTest.csproj", "{1DFBFEA8-B52F-48EC-B9B0-1FC3FA44756C}"
EndProject
Project("{FAE04EC0-301F-11D3-BF4B-00C04F79EFBC}") = "DevOpsDemoGitTest.Tests", "DevOpsDemoGitTest.Tests\DevOpsDemoGitTest.Tests.csproj", "{7B965134-FC05-4F0F-B3B4-BD1B2AC1955F}"
EndProject
Global
	GlobalSection(SolutionConfigurationPlatforms) = preSolution
		Debug|Any CPU = Debug|Any CPU
		Release|Any CPU = Release|Any CPU
	EndGlobalSection
	GlobalSection(ProjectConfigurationPlatforms) = postSolution
		{1DFBFEA8-B52F-48EC-B9B0-1FC3FA44756C}.Debug|Any CPU.ActiveCfg = Debug|Any CPU
		{1DFBFEA8-B52F-48EC-B9B0-1FC3FA44756C}.Debug|Any CPU.Build.0 = Debug|Any CPU
		{1DFBFEA8-B52F-48EC-B9B0-1FC3FA44756C}.Release|Any CPU.ActiveCfg = Release|Any CPU
		{1DFBFEA8-B52F-48EC-B9B0-1FC3FA44756C}.Release|Any CPU.Build.0 = Release|Any CPU
		{7B965134-FC05-4F0F-B3B4-BD1B2AC1955F}.Debug|Any CPU.ActiveCfg = Debug|Any CPU
		{7B965134-FC05-4F0F-B3B4-BD1B2AC1955F}.Debug|Any CPU.Build.0 = Debug|Any CPU
		{7B965134-FC05-4F0F-B3B4-BD1B2AC1955F}.Release|Any CPU.ActiveCfg = Release|Any CPU
		{7B965134-FC05-4F0F-B3B4-BD1B2AC1955F}.Release|Any CPU.Build.0 = Release|Any CPU
	EndGlobalSection
	GlobalSection(SolutionProperties) = preSolution
		HideSolutionNode = FALSE
	EndGlobalSection
	GlobalSection(ExtensibilityGlobals) = postSolution
		SolutionGuid = {4D4C8702-0D74-4492-BEBF-D4D981C03F66}
	EndGlobalSection
EndGlobal
